
Microsoft Visual Studio Solution File, Format Version 12.00
# Visual Studio Version 17
VisualStudioVersion = 17.1.32210.238
MinimumVisualStudioVersion = 10.0.40219.1
Project("{9A19103F-16F7-4668-BE54-9A1E7A4F7556}") = "LazyStudy", "LazyStudy.csproj", "{69AF3183-9203-46B8-99DD-F13B67C3C1F6}"
EndProject
Global
	GlobalSection(SolutionConfigurationPlatforms) = preSolution
		Debug|Any CPU = Debug|Any CPU
		Release|Any CPU = Release|Any CPU
	EndGlobalSection
	GlobalSection(ProjectConfigurationPlatforms) = postSolution
		{69AF3183-9203-46B8-99DD-F13B67C3C1F6}.Debug|Any CPU.ActiveCfg = Debug|Any CPU
		{69AF3183-9203-46B8-99DD-F13B67C3C1F6}.Debug|Any CPU.Build.0 = Debug|Any CPU
		{69AF3183-9203-46B8-99DD-F13B67C3C1F6}.Release|Any CPU.ActiveCfg = Release|Any CPU
		{69AF3183-9203-46B8-99DD-F13B67C3C1F6}.Release|Any CPU.Build.0 = Release|Any CPU
	EndGlobalSection
	GlobalSection(SolutionProperties) = preSolution
		HideSolutionNode = FALSE
	EndGlobalSection
	GlobalSection(ExtensibilityGlobals) = postSolution
		SolutionGuid = {DDE27967-0F15-4594-B93A-A7F5849F9BEA}
	EndGlobalSection
EndGlobal
